
Microsoft Visual Studio Solution File, Format Version 12.00
# Visual Studio Version 17
VisualStudioVersion = 17.3.32929.385
MinimumVisualStudioVersion = 10.0.40219.1
Project("{8BC9CEB8-8B4A-11D0-8D11-00A0C91BC942}") = "variante-bac-carte-info", "variante-bac-carte-info\variante-bac-carte-info.vcxproj", "{3C17E58A-A7FD-4D08-B740-B63B24A50CE5}"
EndProject
Global
	GlobalSection(SolutionConfigurationPlatforms) = preSolution
		Debug|x64 = Debug|x64
		Debug|x86 = Debug|x86
		Release|x64 = Release|x64
		Release|x86 = Release|x86
	EndGlobalSection
	GlobalSection(ProjectConfigurationPlatforms) = postSolution
		{3C17E58A-A7FD-4D08-B740-B63B24A50CE5}.Debug|x64.ActiveCfg = Debug|x64
		{3C17E58A-A7FD-4D08-B740-B63B24A50CE5}.Debug|x64.Build.0 = Debug|x64
		{3C17E58A-A7FD-4D08-B740-B63B24A50CE5}.Debug|x86.ActiveCfg = Debug|Win32
		{3C17E58A-A7FD-4D08-B740-B63B24A50CE5}.Debug|x86.Build.0 = Debug|Win32
		{3C17E58A-A7FD-4D08-B740-B63B24A50CE5}.Release|x64.ActiveCfg = Release|x64
		{3C17E58A-A7FD-4D08-B740-B63B24A50CE5}.Release|x64.Build.0 = Release|x64
		{3C17E58A-A7FD-4D08-B740-B63B24A50CE5}.Release|x86.ActiveCfg = Release|Win32
		{3C17E58A-A7FD-4D08-B740-B63B24A50CE5}.Release|x86.Build.0 = Release|Win32
	EndGlobalSection
	GlobalSection(SolutionProperties) = preSolution
		HideSolutionNode = FALSE
	EndGlobalSection
	GlobalSection(ExtensibilityGlobals) = postSolution
		SolutionGuid = {B6E5D66E-1EDF-4411-8EBF-1A6FCA3AB3E3}
	EndGlobalSection
EndGlobal
